
Microsoft Visual Studio Solution File, Format Version 12.00
# Visual Studio 2012
VisualStudioVersion = 12.0.30501.0
MinimumVisualStudioVersion = 10.0.40219.1
Project("{2150E333-8FDC-42A3-9474-1A3956D46DE8}") = "src", "src", "{17984154-83E4-4DDC-A709-6034CB9B9E48}"
	ProjectSection(SolutionItems) = preProject
		src\Makefile = src\Makefile
	EndProjectSection
EndProject
Project("{8BC9CEB8-8B4A-11D0-8D11-00A0C91BC942}") = "libbrickpinet", "src\libbrickpinet\libbrickpinet.vcxproj", "{B9EED683-DF28-4A83-B2B3-7BED06C95CC3}"
EndProject
Project("{FAE04EC0-301F-11D3-BF4B-00C04F79EFBC}") = "BrickPiNet", "src\BrickPiNet\BrickPiNet.csproj", "{07EC6440-C21C-4410-BBAF-F144B6763170}"
EndProject
Project("{2150E333-8FDC-42A3-9474-1A3956D46DE8}") = "example", "example", "{20FC0107-B91C-454F-8443-697480FB2EE0}"
	ProjectSection(SolutionItems) = preProject
		example\Makefile = example\Makefile
	EndProjectSection
EndProject
Project("{FAE04EC0-301F-11D3-BF4B-00C04F79EFBC}") = "Sample", "example\Sample\Sample.csproj", "{37860F6A-5465-4356-8BA0-7CFBF2E731A2}"
EndProject
Project("{FAE04EC0-301F-11D3-BF4B-00C04F79EFBC}") = "WebBrick", "example\WebBrick\WebBrick.csproj", "{F36FF092-DF44-414C-91E7-D66ACDA8D2E1}"
EndProject
Project("{2150E333-8FDC-42A3-9474-1A3956D46DE8}") = "WebBrickClient", "WebBrickClient", "{6A7C5AD7-5C44-44FE-9928-E00BE0BCD4A2}"
EndProject
Project("{FAE04EC0-301F-11D3-BF4B-00C04F79EFBC}") = "WebBrickClient", "example\WebBrickClient\WebBrickClient\WebBrickClient.csproj", "{07259A64-E1D1-43A9-8D3F-1989A12745EB}"
EndProject
Project("{FAE04EC0-301F-11D3-BF4B-00C04F79EFBC}") = "WebBrickClient.iOS", "example\WebBrickClient\WebBrickClient.iOS\WebBrickClient.iOS.csproj", "{5463753B-3E24-4522-9B71-F1188D8EA76E}"
EndProject
Project("{FAE04EC0-301F-11D3-BF4B-00C04F79EFBC}") = "WebBrickClient.Android", "example\WebBrickClient\WebBrickClient.Android\WebBrickClient.Android.csproj", "{D0C50908-3542-49A2-AB71-3A162CD174DD}"
EndProject
Project("{2150E333-8FDC-42A3-9474-1A3956D46DE8}") = "WebBrickClientFs", "WebBrickClientFs", "{9D04C403-88C6-499E-A74E-7F365B5207B2}"
EndProject
Project("{f2a71f9b-5d33-465a-a702-920d77279786}") = "WebBrickClientFs.Android", "example\WebBrickClientFs\WebBrickClientFs.Android\WebBrickClientFs.Android.fsproj", "{34E2BB86-17BD-4A4A-B270-1F6E146ADDAA}"
EndProject
Project("{f2a71f9b-5d33-465a-a702-920d77279786}") = "WebBrickClientFs", "example\WebBrickClientFs\WebBrickClientFs\WebBrickClientFs.fsproj", "571E0A3B-E069-4B46-BBAC-B0F060351904"
EndProject
Project("{2150E333-8FDC-42A3-9474-1A3956D46DE8}") = "lib", "lib", "{70E31166-7F0C-4135-B1BC-0B9C5AC8DF57}"
EndProject
Project("{2150E333-8FDC-42A3-9474-1A3956D46DE8}") = "Solution Items", "Solution Items", "{0384FB71-A830-43E1-9F19-1CD96DAF17EF}"
	ProjectSection(SolutionItems) = preProject
		LICENSE = LICENSE
		README.md = README.md
	EndProjectSection
EndProject
Global
	GlobalSection(SolutionConfigurationPlatforms) = preSolution
		Ad-Hoc|Any CPU = Ad-Hoc|Any CPU
		Ad-Hoc|ARM = Ad-Hoc|ARM
		Ad-Hoc|iPhone = Ad-Hoc|iPhone
		Ad-Hoc|iPhoneSimulator = Ad-Hoc|iPhoneSimulator
		Ad-Hoc|Mixed Platforms = Ad-Hoc|Mixed Platforms
		Ad-Hoc|Win32 = Ad-Hoc|Win32
		Ad-Hoc|x86 = Ad-Hoc|x86
		AppStore|Any CPU = AppStore|Any CPU
		AppStore|ARM = AppStore|ARM
		AppStore|iPhone = AppStore|iPhone
		AppStore|iPhoneSimulator = AppStore|iPhoneSimulator
		AppStore|Mixed Platforms = AppStore|Mixed Platforms
		AppStore|Win32 = AppStore|Win32
		AppStore|x86 = AppStore|x86
		Debug|Any CPU = Debug|Any CPU
		Debug|ARM = Debug|ARM
		Debug|iPhone = Debug|iPhone
		Debug|iPhoneSimulator = Debug|iPhoneSimulator
		Debug|Mixed Platforms = Debug|Mixed Platforms
		Debug|Win32 = Debug|Win32
		Debug|x86 = Debug|x86
		Release|Any CPU = Release|Any CPU
		Release|ARM = Release|ARM
		Release|iPhone = Release|iPhone
		Release|iPhoneSimulator = Release|iPhoneSimulator
		Release|Mixed Platforms = Release|Mixed Platforms
		Release|Win32 = Release|Win32
		Release|x86 = Release|x86
	EndGlobalSection
	GlobalSection(ProjectConfigurationPlatforms) = postSolution
		{07259A64-E1D1-43A9-8D3F-1989A12745EB}.Ad-Hoc|Any CPU.ActiveCfg = Release|Any CPU
		{07259A64-E1D1-43A9-8D3F-1989A12745EB}.Ad-Hoc|Any CPU.Build.0 = Release|Any CPU
		{07259A64-E1D1-43A9-8D3F-1989A12745EB}.Ad-Hoc|ARM.ActiveCfg = Release|Any CPU
		{07259A64-E1D1-43A9-8D3F-1989A12745EB}.Ad-Hoc|iPhone.ActiveCfg = Release|Any CPU
		{07259A64-E1D1-43A9-8D3F-1989A12745EB}.Ad-Hoc|iPhoneSimulator.ActiveCfg = Release|Any CPU
		{07259A64-E1D1-43A9-8D3F-1989A12745EB}.Ad-Hoc|Mixed Platforms.ActiveCfg = Release|Any CPU
		{07259A64-E1D1-43A9-8D3F-1989A12745EB}.Ad-Hoc|Mixed Platforms.Build.0 = Release|Any CPU
		{07259A64-E1D1-43A9-8D3F-1989A12745EB}.Ad-Hoc|Win32.ActiveCfg = Release|Any CPU
		{07259A64-E1D1-43A9-8D3F-1989A12745EB}.Ad-Hoc|x86.ActiveCfg = Release|Any CPU
		{07259A64-E1D1-43A9-8D3F-1989A12745EB}.AppStore|Any CPU.ActiveCfg = Release|Any CPU
		{07259A64-E1D1-43A9-8D3F-1989A12745EB}.AppStore|Any CPU.Build.0 = Release|Any CPU
		{07259A64-E1D1-43A9-8D3F-1989A12745EB}.AppStore|ARM.ActiveCfg = Release|Any CPU
		{07259A64-E1D1-43A9-8D3F-1989A12745EB}.AppStore|iPhone.ActiveCfg = Release|Any CPU
		{07259A64-E1D1-43A9-8D3F-1989A12745EB}.AppStore|iPhoneSimulator.ActiveCfg = Release|Any CPU
		{07259A64-E1D1-43A9-8D3F-1989A12745EB}.AppStore|Mixed Platforms.ActiveCfg = Release|Any CPU
		{07259A64-E1D1-43A9-8D3F-1989A12745EB}.AppStore|Mixed Platforms.Build.0 = Release|Any CPU
		{07259A64-E1D1-43A9-8D3F-1989A12745EB}.AppStore|Win32.ActiveCfg = Release|Any CPU
		{07259A64-E1D1-43A9-8D3F-1989A12745EB}.AppStore|x86.ActiveCfg = Release|Any CPU
		{07259A64-E1D1-43A9-8D3F-1989A12745EB}.Debug|Any CPU.ActiveCfg = Debug|Any CPU
		{07259A64-E1D1-43A9-8D3F-1989A12745EB}.Debug|Any CPU.Build.0 = Debug|Any CPU
		{07259A64-E1D1-43A9-8D3F-1989A12745EB}.Debug|ARM.ActiveCfg = Debug|Any CPU
		{07259A64-E1D1-43A9-8D3F-1989A12745EB}.Debug|iPhone.ActiveCfg = Debug|Any CPU
		{07259A64-E1D1-43A9-8D3F-1989A12745EB}.Debug|iPhoneSimulator.ActiveCfg = Debug|Any CPU
		{07259A64-E1D1-43A9-8D3F-1989A12745EB}.Debug|Mixed Platforms.ActiveCfg = Debug|Any CPU
		{07259A64-E1D1-43A9-8D3F-1989A12745EB}.Debug|Mixed Platforms.Build.0 = Debug|Any CPU
		{07259A64-E1D1-43A9-8D3F-1989A12745EB}.Debug|Win32.ActiveCfg = Debug|Any CPU
		{07259A64-E1D1-43A9-8D3F-1989A12745EB}.Debug|x86.ActiveCfg = Debug|Any CPU
		{07259A64-E1D1-43A9-8D3F-1989A12745EB}.Release|Any CPU.ActiveCfg = Release|Any CPU
		{07259A64-E1D1-43A9-8D3F-1989A12745EB}.Release|Any CPU.Build.0 = Release|Any CPU
		{07259A64-E1D1-43A9-8D3F-1989A12745EB}.Release|ARM.ActiveCfg = Release|Any CPU
		{07259A64-E1D1-43A9-8D3F-1989A12745EB}.Release|iPhone.ActiveCfg = Release|Any CPU
		{07259A64-E1D1-43A9-8D3F-1989A12745EB}.Release|iPhoneSimulator.ActiveCfg = Release|Any CPU
		{07259A64-E1D1-43A9-8D3F-1989A12745EB}.Release|Mixed Platforms.ActiveCfg = Release|Any CPU
		{07259A64-E1D1-43A9-8D3F-1989A12745EB}.Release|Mixed Platforms.Build.0 = Release|Any CPU
		{07259A64-E1D1-43A9-8D3F-1989A12745EB}.Release|Win32.ActiveCfg = Release|Any CPU
		{07259A64-E1D1-43A9-8D3F-1989A12745EB}.Release|x86.ActiveCfg = Release|Any CPU
		{07EC6440-C21C-4410-BBAF-F144B6763170}.Ad-Hoc|Any CPU.ActiveCfg = Release|Any CPU
		{07EC6440-C21C-4410-BBAF-F144B6763170}.Ad-Hoc|Any CPU.Build.0 = Release|Any CPU
		{07EC6440-C21C-4410-BBAF-F144B6763170}.Ad-Hoc|ARM.ActiveCfg = Release|Any CPU
		{07EC6440-C21C-4410-BBAF-F144B6763170}.Ad-Hoc|iPhone.ActiveCfg = Release|Any CPU
		{07EC6440-C21C-4410-BBAF-F144B6763170}.Ad-Hoc|iPhoneSimulator.ActiveCfg = Release|Any CPU
		{07EC6440-C21C-4410-BBAF-F144B6763170}.Ad-Hoc|Mixed Platforms.ActiveCfg = Release|Any CPU
		{07EC6440-C21C-4410-BBAF-F144B6763170}.Ad-Hoc|Mixed Platforms.Build.0 = Release|Any CPU
		{07EC6440-C21C-4410-BBAF-F144B6763170}.Ad-Hoc|Win32.ActiveCfg = Release|Any CPU
		{07EC6440-C21C-4410-BBAF-F144B6763170}.Ad-Hoc|x86.ActiveCfg = Release|Any CPU
		{07EC6440-C21C-4410-BBAF-F144B6763170}.AppStore|Any CPU.ActiveCfg = Release|Any CPU
		{07EC6440-C21C-4410-BBAF-F144B6763170}.AppStore|Any CPU.Build.0 = Release|Any CPU
		{07EC6440-C21C-4410-BBAF-F144B6763170}.AppStore|ARM.ActiveCfg = Release|Any CPU
		{07EC6440-C21C-4410-BBAF-F144B6763170}.AppStore|iPhone.ActiveCfg = Release|Any CPU
		{07EC6440-C21C-4410-BBAF-F144B6763170}.AppStore|iPhoneSimulator.ActiveCfg = Release|Any CPU
		{07EC6440-C21C-4410-BBAF-F144B6763170}.AppStore|Mixed Platforms.ActiveCfg = Release|Any CPU
		{07EC6440-C21C-4410-BBAF-F144B6763170}.AppStore|Mixed Platforms.Build.0 = Release|Any CPU
		{07EC6440-C21C-4410-BBAF-F144B6763170}.AppStore|Win32.ActiveCfg = Release|Any CPU
		{07EC6440-C21C-4410-BBAF-F144B6763170}.AppStore|x86.ActiveCfg = Release|Any CPU
		{07EC6440-C21C-4410-BBAF-F144B6763170}.Debug|Any CPU.ActiveCfg = Debug|Any CPU
		{07EC6440-C21C-4410-BBAF-F144B6763170}.Debug|Any CPU.Build.0 = Debug|Any CPU
		{07EC6440-C21C-4410-BBAF-F144B6763170}.Debug|ARM.ActiveCfg = Debug|Any CPU
		{07EC6440-C21C-4410-BBAF-F144B6763170}.Debug|iPhone.ActiveCfg = Debug|Any CPU
		{07EC6440-C21C-4410-BBAF-F144B6763170}.Debug|iPhoneSimulator.ActiveCfg = Debug|Any CPU
		{07EC6440-C21C-4410-BBAF-F144B6763170}.Debug|Mixed Platforms.ActiveCfg = Debug|Any CPU
		{07EC6440-C21C-4410-BBAF-F144B6763170}.Debug|Mixed Platforms.Build.0 = Debug|Any CPU
		{07EC6440-C21C-4410-BBAF-F144B6763170}.Debug|Win32.ActiveCfg = Debug|Any CPU
		{07EC6440-C21C-4410-BBAF-F144B6763170}.Debug|x86.ActiveCfg = Debug|Any CPU
		{07EC6440-C21C-4410-BBAF-F144B6763170}.Release|Any CPU.ActiveCfg = Release|Any CPU
		{07EC6440-C21C-4410-BBAF-F144B6763170}.Release|Any CPU.Build.0 = Release|Any CPU
		{07EC6440-C21C-4410-BBAF-F144B6763170}.Release|ARM.ActiveCfg = Release|Any CPU
		{07EC6440-C21C-4410-BBAF-F144B6763170}.Release|iPhone.ActiveCfg = Release|Any CPU
		{07EC6440-C21C-4410-BBAF-F144B6763170}.Release|iPhoneSimulator.ActiveCfg = Release|Any CPU
		{07EC6440-C21C-4410-BBAF-F144B6763170}.Release|Mixed Platforms.ActiveCfg = Release|Any CPU
		{07EC6440-C21C-4410-BBAF-F144B6763170}.Release|Mixed Platforms.Build.0 = Release|Any CPU
		{07EC6440-C21C-4410-BBAF-F144B6763170}.Release|Win32.ActiveCfg = Release|Any CPU
		{07EC6440-C21C-4410-BBAF-F144B6763170}.Release|x86.ActiveCfg = Release|Any CPU
		{34E2BB86-17BD-4A4A-B270-1F6E146ADDAA}.Ad-Hoc|Any CPU.ActiveCfg = Release|Any CPU
		{34E2BB86-17BD-4A4A-B270-1F6E146ADDAA}.Ad-Hoc|Any CPU.Build.0 = Release|Any CPU
		{34E2BB86-17BD-4A4A-B270-1F6E146ADDAA}.Ad-Hoc|ARM.ActiveCfg = Release|Any CPU
		{34E2BB86-17BD-4A4A-B270-1F6E146ADDAA}.Ad-Hoc|ARM.Build.0 = Release|Any CPU
		{34E2BB86-17BD-4A4A-B270-1F6E146ADDAA}.Ad-Hoc|iPhone.ActiveCfg = Release|Any CPU
		{34E2BB86-17BD-4A4A-B270-1F6E146ADDAA}.Ad-Hoc|iPhone.Build.0 = Release|Any CPU
		{34E2BB86-17BD-4A4A-B270-1F6E146ADDAA}.Ad-Hoc|iPhoneSimulator.ActiveCfg = Release|Any CPU
		{34E2BB86-17BD-4A4A-B270-1F6E146ADDAA}.Ad-Hoc|iPhoneSimulator.Build.0 = Release|Any CPU
		{34E2BB86-17BD-4A4A-B270-1F6E146ADDAA}.Ad-Hoc|Mixed Platforms.ActiveCfg = Release|Any CPU
		{34E2BB86-17BD-4A4A-B270-1F6E146ADDAA}.Ad-Hoc|Mixed Platforms.Build.0 = Release|Any CPU
		{34E2BB86-17BD-4A4A-B270-1F6E146ADDAA}.Ad-Hoc|Win32.ActiveCfg = Release|Any CPU
		{34E2BB86-17BD-4A4A-B270-1F6E146ADDAA}.Ad-Hoc|Win32.Build.0 = Release|Any CPU
		{34E2BB86-17BD-4A4A-B270-1F6E146ADDAA}.Ad-Hoc|x86.ActiveCfg = Release|Any CPU
		{34E2BB86-17BD-4A4A-B270-1F6E146ADDAA}.Ad-Hoc|x86.Build.0 = Release|Any CPU
		{34E2BB86-17BD-4A4A-B270-1F6E146ADDAA}.AppStore|Any CPU.ActiveCfg = Release|Any CPU
		{34E2BB86-17BD-4A4A-B270-1F6E146ADDAA}.AppStore|Any CPU.Build.0 = Release|Any CPU
		{34E2BB86-17BD-4A4A-B270-1F6E146ADDAA}.AppStore|ARM.ActiveCfg = Release|Any CPU
		{34E2BB86-17BD-4A4A-B270-1F6E146ADDAA}.AppStore|ARM.Build.0 = Release|Any CPU
		{34E2BB86-17BD-4A4A-B270-1F6E146ADDAA}.AppStore|iPhone.ActiveCfg = Release|Any CPU
		{34E2BB86-17BD-4A4A-B270-1F6E146ADDAA}.AppStore|iPhone.Build.0 = Release|Any CPU
		{34E2BB86-17BD-4A4A-B270-1F6E146ADDAA}.AppStore|iPhoneSimulator.ActiveCfg = Release|Any CPU
		{34E2BB86-17BD-4A4A-B270-1F6E146ADDAA}.AppStore|iPhoneSimulator.Build.0 = Release|Any CPU
		{34E2BB86-17BD-4A4A-B270-1F6E146ADDAA}.AppStore|Mixed Platforms.ActiveCfg = Release|Any CPU
		{34E2BB86-17BD-4A4A-B270-1F6E146ADDAA}.AppStore|Mixed Platforms.Build.0 = Release|Any CPU
		{34E2BB86-17BD-4A4A-B270-1F6E146ADDAA}.AppStore|Win32.ActiveCfg = Release|Any CPU
		{34E2BB86-17BD-4A4A-B270-1F6E146ADDAA}.AppStore|Win32.Build.0 = Release|Any CPU
		{34E2BB86-17BD-4A4A-B270-1F6E146ADDAA}.AppStore|x86.ActiveCfg = Release|Any CPU
		{34E2BB86-17BD-4A4A-B270-1F6E146ADDAA}.AppStore|x86.Build.0 = Release|Any CPU
		{34E2BB86-17BD-4A4A-B270-1F6E146ADDAA}.Debug|Any CPU.ActiveCfg = Debug|Any CPU
		{34E2BB86-17BD-4A4A-B270-1F6E146ADDAA}.Debug|Any CPU.Build.0 = Debug|Any CPU
		{34E2BB86-17BD-4A4A-B270-1F6E146ADDAA}.Debug|ARM.ActiveCfg = Debug|Any CPU
		{34E2BB86-17BD-4A4A-B270-1F6E146ADDAA}.Debug|ARM.Build.0 = Debug|Any CPU
		{34E2BB86-17BD-4A4A-B270-1F6E146ADDAA}.Debug|iPhone.ActiveCfg = Debug|Any CPU
		{34E2BB86-17BD-4A4A-B270-1F6E146ADDAA}.Debug|iPhone.Build.0 = Debug|Any CPU
		{34E2BB86-17BD-4A4A-B270-1F6E146ADDAA}.Debug|iPhoneSimulator.ActiveCfg = Debug|Any CPU
		{34E2BB86-17BD-4A4A-B270-1F6E146ADDAA}.Debug|iPhoneSimulator.Build.0 = Debug|Any CPU
		{34E2BB86-17BD-4A4A-B270-1F6E146ADDAA}.Debug|Mixed Platforms.ActiveCfg = Debug|Any CPU
		{34E2BB86-17BD-4A4A-B270-1F6E146ADDAA}.Debug|Mixed Platforms.Build.0 = Debug|Any CPU
		{34E2BB86-17BD-4A4A-B270-1F6E146ADDAA}.Debug|Win32.ActiveCfg = Debug|Any CPU
		{34E2BB86-17BD-4A4A-B270-1F6E146ADDAA}.Debug|Win32.Build.0 = Debug|Any CPU
		{34E2BB86-17BD-4A4A-B270-1F6E146ADDAA}.Debug|x86.ActiveCfg = Debug|Any CPU
		{34E2BB86-17BD-4A4A-B270-1F6E146ADDAA}.Debug|x86.Build.0 = Debug|Any CPU
		{34E2BB86-17BD-4A4A-B270-1F6E146ADDAA}.Release|Any CPU.ActiveCfg = Release|Any CPU
		{34E2BB86-17BD-4A4A-B270-1F6E146ADDAA}.Release|Any CPU.Build.0 = Release|Any CPU
		{34E2BB86-17BD-4A4A-B270-1F6E146ADDAA}.Release|ARM.ActiveCfg = Release|Any CPU
		{34E2BB86-17BD-4A4A-B270-1F6E146ADDAA}.Release|ARM.Build.0 = Release|Any CPU
		{34E2BB86-17BD-4A4A-B270-1F6E146ADDAA}.Release|iPhone.ActiveCfg = Release|Any CPU
		{34E2BB86-17BD-4A4A-B270-1F6E146ADDAA}.Release|iPhone.Build.0 = Release|Any CPU
		{34E2BB86-17BD-4A4A-B270-1F6E146ADDAA}.Release|iPhoneSimulator.ActiveCfg = Release|Any CPU
		{34E2BB86-17BD-4A4A-B270-1F6E146ADDAA}.Release|iPhoneSimulator.Build.0 = Release|Any CPU
		{34E2BB86-17BD-4A4A-B270-1F6E146ADDAA}.Release|Mixed Platforms.ActiveCfg = Release|Any CPU
		{34E2BB86-17BD-4A4A-B270-1F6E146ADDAA}.Release|Mixed Platforms.Build.0 = Release|Any CPU
		{34E2BB86-17BD-4A4A-B270-1F6E146ADDAA}.Release|Win32.ActiveCfg = Release|Any CPU
		{34E2BB86-17BD-4A4A-B270-1F6E146ADDAA}.Release|Win32.Build.0 = Release|Any CPU
		{34E2BB86-17BD-4A4A-B270-1F6E146ADDAA}.Release|x86.ActiveCfg = Release|Any CPU
		{34E2BB86-17BD-4A4A-B270-1F6E146ADDAA}.Release|x86.Build.0 = Release|Any CPU
		{37860F6A-5465-4356-8BA0-7CFBF2E731A2}.Ad-Hoc|Any CPU.ActiveCfg = Release|Any CPU
		{37860F6A-5465-4356-8BA0-7CFBF2E731A2}.Ad-Hoc|Any CPU.Build.0 = Release|Any CPU
		{37860F6A-5465-4356-8BA0-7CFBF2E731A2}.Ad-Hoc|ARM.ActiveCfg = Release|Any CPU
		{37860F6A-5465-4356-8BA0-7CFBF2E731A2}.Ad-Hoc|iPhone.ActiveCfg = Release|Any CPU
		{37860F6A-5465-4356-8BA0-7CFBF2E731A2}.Ad-Hoc|iPhoneSimulator.ActiveCfg = Release|Any CPU
		{37860F6A-5465-4356-8BA0-7CFBF2E731A2}.Ad-Hoc|Mixed Platforms.ActiveCfg = Release|Any CPU
		{37860F6A-5465-4356-8BA0-7CFBF2E731A2}.Ad-Hoc|Mixed Platforms.Build.0 = Release|Any CPU
		{37860F6A-5465-4356-8BA0-7CFBF2E731A2}.Ad-Hoc|Win32.ActiveCfg = Release|Any CPU
		{37860F6A-5465-4356-8BA0-7CFBF2E731A2}.Ad-Hoc|x86.ActiveCfg = Release|Any CPU
		{37860F6A-5465-4356-8BA0-7CFBF2E731A2}.AppStore|Any CPU.ActiveCfg = Release|Any CPU
		{37860F6A-5465-4356-8BA0-7CFBF2E731A2}.AppStore|Any CPU.Build.0 = Release|Any CPU
		{37860F6A-5465-4356-8BA0-7CFBF2E731A2}.AppStore|ARM.ActiveCfg = Release|Any CPU
		{37860F6A-5465-4356-8BA0-7CFBF2E731A2}.AppStore|iPhone.ActiveCfg = Release|Any CPU
		{37860F6A-5465-4356-8BA0-7CFBF2E731A2}.AppStore|iPhoneSimulator.ActiveCfg = Release|Any CPU
		{37860F6A-5465-4356-8BA0-7CFBF2E731A2}.AppStore|Mixed Platforms.ActiveCfg = Release|Any CPU
		{37860F6A-5465-4356-8BA0-7CFBF2E731A2}.AppStore|Mixed Platforms.Build.0 = Release|Any CPU
		{37860F6A-5465-4356-8BA0-7CFBF2E731A2}.AppStore|Win32.ActiveCfg = Release|Any CPU
		{37860F6A-5465-4356-8BA0-7CFBF2E731A2}.AppStore|x86.ActiveCfg = Release|Any CPU
		{37860F6A-5465-4356-8BA0-7CFBF2E731A2}.Debug|Any CPU.ActiveCfg = Debug|Any CPU
		{37860F6A-5465-4356-8BA0-7CFBF2E731A2}.Debug|Any CPU.Build.0 = Debug|Any CPU
		{37860F6A-5465-4356-8BA0-7CFBF2E731A2}.Debug|ARM.ActiveCfg = Debug|Any CPU
		{37860F6A-5465-4356-8BA0-7CFBF2E731A2}.Debug|iPhone.ActiveCfg = Debug|Any CPU
		{37860F6A-5465-4356-8BA0-7CFBF2E731A2}.Debug|iPhoneSimulator.ActiveCfg = Debug|Any CPU
		{37860F6A-5465-4356-8BA0-7CFBF2E731A2}.Debug|Mixed Platforms.ActiveCfg = Debug|Any CPU
		{37860F6A-5465-4356-8BA0-7CFBF2E731A2}.Debug|Mixed Platforms.Build.0 = Debug|Any CPU
		{37860F6A-5465-4356-8BA0-7CFBF2E731A2}.Debug|Win32.ActiveCfg = Debug|Any CPU
		{37860F6A-5465-4356-8BA0-7CFBF2E731A2}.Debug|x86.ActiveCfg = Debug|Any CPU
		{37860F6A-5465-4356-8BA0-7CFBF2E731A2}.Release|Any CPU.ActiveCfg = Release|Any CPU
		{37860F6A-5465-4356-8BA0-7CFBF2E731A2}.Release|Any CPU.Build.0 = Release|Any CPU
		{37860F6A-5465-4356-8BA0-7CFBF2E731A2}.Release|ARM.ActiveCfg = Release|Any CPU
		{37860F6A-5465-4356-8BA0-7CFBF2E731A2}.Release|iPhone.ActiveCfg = Release|Any CPU
		{37860F6A-5465-4356-8BA0-7CFBF2E731A2}.Release|iPhoneSimulator.ActiveCfg = Release|Any CPU
		{37860F6A-5465-4356-8BA0-7CFBF2E731A2}.Release|Mixed Platforms.ActiveCfg = Release|Any CPU
		{37860F6A-5465-4356-8BA0-7CFBF2E731A2}.Release|Mixed Platforms.Build.0 = Release|Any CPU
		{37860F6A-5465-4356-8BA0-7CFBF2E731A2}.Release|Win32.ActiveCfg = Release|Any CPU
		{37860F6A-5465-4356-8BA0-7CFBF2E731A2}.Release|x86.ActiveCfg = Release|Any CPU
		{571E0A3B-E069-4B46-BBAC-B0F060351904}.Ad-Hoc|Any CPU.ActiveCfg = Release|Any CPU
		{571E0A3B-E069-4B46-BBAC-B0F060351904}.Ad-Hoc|Any CPU.Build.0 = Release|Any CPU
		{571E0A3B-E069-4B46-BBAC-B0F060351904}.Ad-Hoc|ARM.ActiveCfg = Release|Any CPU
		{571E0A3B-E069-4B46-BBAC-B0F060351904}.Ad-Hoc|ARM.Build.0 = Release|Any CPU
		{571E0A3B-E069-4B46-BBAC-B0F060351904}.Ad-Hoc|iPhone.ActiveCfg = Release|Any CPU
		{571E0A3B-E069-4B46-BBAC-B0F060351904}.Ad-Hoc|iPhone.Build.0 = Release|Any CPU
		{571E0A3B-E069-4B46-BBAC-B0F060351904}.Ad-Hoc|iPhoneSimulator.ActiveCfg = Release|Any CPU
		{571E0A3B-E069-4B46-BBAC-B0F060351904}.Ad-Hoc|iPhoneSimulator.Build.0 = Release|Any CPU
		{571E0A3B-E069-4B46-BBAC-B0F060351904}.Ad-Hoc|Mixed Platforms.ActiveCfg = Release|Any CPU
		{571E0A3B-E069-4B46-BBAC-B0F060351904}.Ad-Hoc|Mixed Platforms.Build.0 = Release|Any CPU
		{571E0A3B-E069-4B46-BBAC-B0F060351904}.Ad-Hoc|Win32.ActiveCfg = Release|Any CPU
		{571E0A3B-E069-4B46-BBAC-B0F060351904}.Ad-Hoc|Win32.Build.0 = Release|Any CPU
		{571E0A3B-E069-4B46-BBAC-B0F060351904}.Ad-Hoc|x86.ActiveCfg = Release|Any CPU
		{571E0A3B-E069-4B46-BBAC-B0F060351904}.Ad-Hoc|x86.Build.0 = Release|Any CPU
		{571E0A3B-E069-4B46-BBAC-B0F060351904}.AppStore|Any CPU.ActiveCfg = Release|Any CPU
		{571E0A3B-E069-4B46-BBAC-B0F060351904}.AppStore|Any CPU.Build.0 = Release|Any CPU
		{571E0A3B-E069-4B46-BBAC-B0F060351904}.AppStore|ARM.ActiveCfg = Release|Any CPU
		{571E0A3B-E069-4B46-BBAC-B0F060351904}.AppStore|ARM.Build.0 = Release|Any CPU
		{571E0A3B-E069-4B46-BBAC-B0F060351904}.AppStore|iPhone.ActiveCfg = Release|Any CPU
		{571E0A3B-E069-4B46-BBAC-B0F060351904}.AppStore|iPhone.Build.0 = Release|Any CPU
		{571E0A3B-E069-4B46-BBAC-B0F060351904}.AppStore|iPhoneSimulator.ActiveCfg = Release|Any CPU
		{571E0A3B-E069-4B46-BBAC-B0F060351904}.AppStore|iPhoneSimulator.Build.0 = Release|Any CPU
		{571E0A3B-E069-4B46-BBAC-B0F060351904}.AppStore|Mixed Platforms.ActiveCfg = Release|Any CPU
		{571E0A3B-E069-4B46-BBAC-B0F060351904}.AppStore|Mixed Platforms.Build.0 = Release|Any CPU
		{571E0A3B-E069-4B46-BBAC-B0F060351904}.AppStore|Win32.ActiveCfg = Release|Any CPU
		{571E0A3B-E069-4B46-BBAC-B0F060351904}.AppStore|Win32.Build.0 = Release|Any CPU
		{571E0A3B-E069-4B46-BBAC-B0F060351904}.AppStore|x86.ActiveCfg = Release|Any CPU
		{571E0A3B-E069-4B46-BBAC-B0F060351904}.AppStore|x86.Build.0 = Release|Any CPU
		{571E0A3B-E069-4B46-BBAC-B0F060351904}.Debug|Any CPU.ActiveCfg = Debug|Any CPU
		{571E0A3B-E069-4B46-BBAC-B0F060351904}.Debug|Any CPU.Build.0 = Debug|Any CPU
		{571E0A3B-E069-4B46-BBAC-B0F060351904}.Debug|ARM.ActiveCfg = Debug|Any CPU
		{571E0A3B-E069-4B46-BBAC-B0F060351904}.Debug|ARM.Build.0 = Debug|Any CPU
		{571E0A3B-E069-4B46-BBAC-B0F060351904}.Debug|iPhone.ActiveCfg = Debug|Any CPU
		{571E0A3B-E069-4B46-BBAC-B0F060351904}.Debug|iPhone.Build.0 = Debug|Any CPU
		{571E0A3B-E069-4B46-BBAC-B0F060351904}.Debug|iPhoneSimulator.ActiveCfg = Debug|Any CPU
		{571E0A3B-E069-4B46-BBAC-B0F060351904}.Debug|iPhoneSimulator.Build.0 = Debug|Any CPU
		{571E0A3B-E069-4B46-BBAC-B0F060351904}.Debug|Mixed Platforms.ActiveCfg = Debug|Any CPU
		{571E0A3B-E069-4B46-BBAC-B0F060351904}.Debug|Mixed Platforms.Build.0 = Debug|Any CPU
		{571E0A3B-E069-4B46-BBAC-B0F060351904}.Debug|Win32.ActiveCfg = Debug|Any CPU
		{571E0A3B-E069-4B46-BBAC-B0F060351904}.Debug|Win32.Build.0 = Debug|Any CPU
		{571E0A3B-E069-4B46-BBAC-B0F060351904}.Debug|x86.ActiveCfg = Debug|Any CPU
		{571E0A3B-E069-4B46-BBAC-B0F060351904}.Debug|x86.Build.0 = Debug|Any CPU
		{571E0A3B-E069-4B46-BBAC-B0F060351904}.Release|Any CPU.ActiveCfg = Release|Any CPU
		{571E0A3B-E069-4B46-BBAC-B0F060351904}.Release|Any CPU.Build.0 = Release|Any CPU
		{571E0A3B-E069-4B46-BBAC-B0F060351904}.Release|ARM.ActiveCfg = Release|Any CPU
		{571E0A3B-E069-4B46-BBAC-B0F060351904}.Release|ARM.Build.0 = Release|Any CPU
		{571E0A3B-E069-4B46-BBAC-B0F060351904}.Release|iPhone.ActiveCfg = Release|Any CPU
		{571E0A3B-E069-4B46-BBAC-B0F060351904}.Release|iPhone.Build.0 = Release|Any CPU
		{571E0A3B-E069-4B46-BBAC-B0F060351904}.Release|iPhoneSimulator.ActiveCfg = Release|Any CPU
		{571E0A3B-E069-4B46-BBAC-B0F060351904}.Release|iPhoneSimulator.Build.0 = Release|Any CPU
		{571E0A3B-E069-4B46-BBAC-B0F060351904}.Release|Mixed Platforms.ActiveCfg = Release|Any CPU
		{571E0A3B-E069-4B46-BBAC-B0F060351904}.Release|Mixed Platforms.Build.0 = Release|Any CPU
		{571E0A3B-E069-4B46-BBAC-B0F060351904}.Release|Win32.ActiveCfg = Release|Any CPU
		{571E0A3B-E069-4B46-BBAC-B0F060351904}.Release|Win32.Build.0 = Release|Any CPU
		{571E0A3B-E069-4B46-BBAC-B0F060351904}.Release|x86.ActiveCfg = Release|Any CPU
		{571E0A3B-E069-4B46-BBAC-B0F060351904}.Release|x86.Build.0 = Release|Any CPU
		{D0C50908-3542-49A2-AB71-3A162CD174DD}.Ad-Hoc|Any CPU.ActiveCfg = Release|Any CPU
		{D0C50908-3542-49A2-AB71-3A162CD174DD}.Ad-Hoc|Any CPU.Build.0 = Release|Any CPU
		{D0C50908-3542-49A2-AB71-3A162CD174DD}.Ad-Hoc|Any CPU.Deploy.0 = Release|Any CPU
		{D0C50908-3542-49A2-AB71-3A162CD174DD}.Ad-Hoc|ARM.ActiveCfg = Release|Any CPU
		{D0C50908-3542-49A2-AB71-3A162CD174DD}.Ad-Hoc|iPhone.ActiveCfg = Release|Any CPU
		{D0C50908-3542-49A2-AB71-3A162CD174DD}.Ad-Hoc|iPhoneSimulator.ActiveCfg = Release|Any CPU
		{D0C50908-3542-49A2-AB71-3A162CD174DD}.Ad-Hoc|Mixed Platforms.ActiveCfg = Release|Any CPU
		{D0C50908-3542-49A2-AB71-3A162CD174DD}.Ad-Hoc|Mixed Platforms.Build.0 = Release|Any CPU
		{D0C50908-3542-49A2-AB71-3A162CD174DD}.Ad-Hoc|Mixed Platforms.Deploy.0 = Release|Any CPU
		{D0C50908-3542-49A2-AB71-3A162CD174DD}.Ad-Hoc|Win32.ActiveCfg = Release|Any CPU
		{D0C50908-3542-49A2-AB71-3A162CD174DD}.Ad-Hoc|x86.ActiveCfg = Release|Any CPU
		{D0C50908-3542-49A2-AB71-3A162CD174DD}.AppStore|Any CPU.ActiveCfg = Release|Any CPU
		{D0C50908-3542-49A2-AB71-3A162CD174DD}.AppStore|Any CPU.Build.0 = Release|Any CPU
		{D0C50908-3542-49A2-AB71-3A162CD174DD}.AppStore|Any CPU.Deploy.0 = Release|Any CPU
		{D0C50908-3542-49A2-AB71-3A162CD174DD}.AppStore|ARM.ActiveCfg = Release|Any CPU
		{D0C50908-3542-49A2-AB71-3A162CD174DD}.AppStore|iPhone.ActiveCfg = Release|Any CPU
		{D0C50908-3542-49A2-AB71-3A162CD174DD}.AppStore|iPhoneSimulator.ActiveCfg = Release|Any CPU
		{D0C50908-3542-49A2-AB71-3A162CD174DD}.AppStore|Mixed Platforms.ActiveCfg = Release|Any CPU
		{D0C50908-3542-49A2-AB71-3A162CD174DD}.AppStore|Mixed Platforms.Build.0 = Release|Any CPU
		{D0C50908-3542-49A2-AB71-3A162CD174DD}.AppStore|Mixed Platforms.Deploy.0 = Release|Any CPU
		{D0C50908-3542-49A2-AB71-3A162CD174DD}.AppStore|Win32.ActiveCfg = Release|Any CPU
		{D0C50908-3542-49A2-AB71-3A162CD174DD}.AppStore|x86.ActiveCfg = Release|Any CPU
		{D0C50908-3542-49A2-AB71-3A162CD174DD}.Debug|Any CPU.ActiveCfg = Debug|Any CPU
		{D0C50908-3542-49A2-AB71-3A162CD174DD}.Debug|Any CPU.Build.0 = Debug|Any CPU
		{D0C50908-3542-49A2-AB71-3A162CD174DD}.Debug|Any CPU.Deploy.0 = Debug|Any CPU
		{D0C50908-3542-49A2-AB71-3A162CD174DD}.Debug|ARM.ActiveCfg = Debug|Any CPU
		{D0C50908-3542-49A2-AB71-3A162CD174DD}.Debug|iPhone.ActiveCfg = Debug|Any CPU
		{D0C50908-3542-49A2-AB71-3A162CD174DD}.Debug|iPhoneSimulator.ActiveCfg = Debug|Any CPU
		{D0C50908-3542-49A2-AB71-3A162CD174DD}.Debug|Mixed Platforms.ActiveCfg = Debug|Any CPU
		{D0C50908-3542-49A2-AB71-3A162CD174DD}.Debug|Mixed Platforms.Build.0 = Debug|Any CPU
		{D0C50908-3542-49A2-AB71-3A162CD174DD}.Debug|Mixed Platforms.Deploy.0 = Debug|Any CPU
		{D0C50908-3542-49A2-AB71-3A162CD174DD}.Debug|Win32.ActiveCfg = Debug|Any CPU
		{D0C50908-3542-49A2-AB71-3A162CD174DD}.Debug|x86.ActiveCfg = Debug|Any CPU
		{D0C50908-3542-49A2-AB71-3A162CD174DD}.Release|Any CPU.ActiveCfg = Release|Any CPU
		{D0C50908-3542-49A2-AB71-3A162CD174DD}.Release|Any CPU.Build.0 = Release|Any CPU
		{D0C50908-3542-49A2-AB71-3A162CD174DD}.Release|Any CPU.Deploy.0 = Release|Any CPU
		{D0C50908-3542-49A2-AB71-3A162CD174DD}.Release|ARM.ActiveCfg = Release|Any CPU
		{D0C50908-3542-49A2-AB71-3A162CD174DD}.Release|iPhone.ActiveCfg = Release|Any CPU
		{D0C50908-3542-49A2-AB71-3A162CD174DD}.Release|iPhoneSimulator.ActiveCfg = Release|Any CPU
		{D0C50908-3542-49A2-AB71-3A162CD174DD}.Release|Mixed Platforms.ActiveCfg = Release|Any CPU
		{D0C50908-3542-49A2-AB71-3A162CD174DD}.Release|Mixed Platforms.Build.0 = Release|Any CPU
		{D0C50908-3542-49A2-AB71-3A162CD174DD}.Release|Mixed Platforms.Deploy.0 = Release|Any CPU
		{D0C50908-3542-49A2-AB71-3A162CD174DD}.Release|Win32.ActiveCfg = Release|Any CPU
		{D0C50908-3542-49A2-AB71-3A162CD174DD}.Release|x86.ActiveCfg = Release|Any CPU
		{F36FF092-DF44-414C-91E7-D66ACDA8D2E1}.Ad-Hoc|Any CPU.ActiveCfg = Release|Any CPU
		{F36FF092-DF44-414C-91E7-D66ACDA8D2E1}.Ad-Hoc|Any CPU.Build.0 = Release|Any CPU
		{F36FF092-DF44-414C-91E7-D66ACDA8D2E1}.Ad-Hoc|ARM.ActiveCfg = Release|Any CPU
		{F36FF092-DF44-414C-91E7-D66ACDA8D2E1}.Ad-Hoc|iPhone.ActiveCfg = Release|Any CPU
		{F36FF092-DF44-414C-91E7-D66ACDA8D2E1}.Ad-Hoc|iPhoneSimulator.ActiveCfg = Release|Any CPU
		{F36FF092-DF44-414C-91E7-D66ACDA8D2E1}.Ad-Hoc|Mixed Platforms.ActiveCfg = Release|Any CPU
		{F36FF092-DF44-414C-91E7-D66ACDA8D2E1}.Ad-Hoc|Mixed Platforms.Build.0 = Release|Any CPU
		{F36FF092-DF44-414C-91E7-D66ACDA8D2E1}.Ad-Hoc|Win32.ActiveCfg = Release|Any CPU
		{F36FF092-DF44-414C-91E7-D66ACDA8D2E1}.Ad-Hoc|x86.ActiveCfg = Release|Any CPU
		{F36FF092-DF44-414C-91E7-D66ACDA8D2E1}.AppStore|Any CPU.ActiveCfg = Release|Any CPU
		{F36FF092-DF44-414C-91E7-D66ACDA8D2E1}.AppStore|Any CPU.Build.0 = Release|Any CPU
		{F36FF092-DF44-414C-91E7-D66ACDA8D2E1}.AppStore|ARM.ActiveCfg = Release|Any CPU
		{F36FF092-DF44-414C-91E7-D66ACDA8D2E1}.AppStore|iPhone.ActiveCfg = Release|Any CPU
		{F36FF092-DF44-414C-91E7-D66ACDA8D2E1}.AppStore|iPhoneSimulator.ActiveCfg = Release|Any CPU
		{F36FF092-DF44-414C-91E7-D66ACDA8D2E1}.AppStore|Mixed Platforms.ActiveCfg = Release|Any CPU
		{F36FF092-DF44-414C-91E7-D66ACDA8D2E1}.AppStore|Mixed Platforms.Build.0 = Release|Any CPU
		{F36FF092-DF44-414C-91E7-D66ACDA8D2E1}.AppStore|Win32.ActiveCfg = Release|Any CPU
		{F36FF092-DF44-414C-91E7-D66ACDA8D2E1}.AppStore|x86.ActiveCfg = Release|Any CPU
		{F36FF092-DF44-414C-91E7-D66ACDA8D2E1}.Debug|Any CPU.ActiveCfg = Debug|Any CPU
		{F36FF092-DF44-414C-91E7-D66ACDA8D2E1}.Debug|Any CPU.Build.0 = Debug|Any CPU
		{F36FF092-DF44-414C-91E7-D66ACDA8D2E1}.Debug|ARM.ActiveCfg = Debug|Any CPU
		{F36FF092-DF44-414C-91E7-D66ACDA8D2E1}.Debug|iPhone.ActiveCfg = Debug|Any CPU
		{F36FF092-DF44-414C-91E7-D66ACDA8D2E1}.Debug|iPhoneSimulator.ActiveCfg = Debug|Any CPU
		{F36FF092-DF44-414C-91E7-D66ACDA8D2E1}.Debug|Mixed Platforms.ActiveCfg = Debug|Any CPU
		{F36FF092-DF44-414C-91E7-D66ACDA8D2E1}.Debug|Mixed Platforms.Build.0 = Debug|Any CPU
		{F36FF092-DF44-414C-91E7-D66ACDA8D2E1}.Debug|Win32.ActiveCfg = Debug|Any CPU
		{F36FF092-DF44-414C-91E7-D66ACDA8D2E1}.Debug|x86.ActiveCfg = Debug|Any CPU
		{F36FF092-DF44-414C-91E7-D66ACDA8D2E1}.Release|Any CPU.ActiveCfg = Release|Any CPU
		{F36FF092-DF44-414C-91E7-D66ACDA8D2E1}.Release|Any CPU.Build.0 = Release|Any CPU
		{F36FF092-DF44-414C-91E7-D66ACDA8D2E1}.Release|ARM.ActiveCfg = Release|Any CPU
		{F36FF092-DF44-414C-91E7-D66ACDA8D2E1}.Release|iPhone.ActiveCfg = Release|Any CPU
		{F36FF092-DF44-414C-91E7-D66ACDA8D2E1}.Release|iPhoneSimulator.ActiveCfg = Release|Any CPU
		{F36FF092-DF44-414C-91E7-D66ACDA8D2E1}.Release|Mixed Platforms.ActiveCfg = Release|Any CPU
		{F36FF092-DF44-414C-91E7-D66ACDA8D2E1}.Release|Mixed Platforms.Build.0 = Release|Any CPU
		{F36FF092-DF44-414C-91E7-D66ACDA8D2E1}.Release|Win32.ActiveCfg = Release|Any CPU
		{F36FF092-DF44-414C-91E7-D66ACDA8D2E1}.Release|x86.ActiveCfg = Release|Any CPU
		{571E0A3B-E069-4B46-BBAC-B0F060351904}.Ad-Hoc|Any CPU.ActiveCfg = Release|Any CPU
		{571E0A3B-E069-4B46-BBAC-B0F060351904}.Ad-Hoc|Any CPU.Build.0 = Release|Any CPU
		{571E0A3B-E069-4B46-BBAC-B0F060351904}.Ad-Hoc|ARM.ActiveCfg = Release|Any CPU
		{571E0A3B-E069-4B46-BBAC-B0F060351904}.Ad-Hoc|ARM.Build.0 = Release|Any CPU
		{571E0A3B-E069-4B46-BBAC-B0F060351904}.Ad-Hoc|iPhone.ActiveCfg = Release|Any CPU
		{571E0A3B-E069-4B46-BBAC-B0F060351904}.Ad-Hoc|iPhone.Build.0 = Release|Any CPU
		{571E0A3B-E069-4B46-BBAC-B0F060351904}.Ad-Hoc|iPhoneSimulator.ActiveCfg = Release|Any CPU
		{571E0A3B-E069-4B46-BBAC-B0F060351904}.Ad-Hoc|iPhoneSimulator.Build.0 = Release|Any CPU
		{571E0A3B-E069-4B46-BBAC-B0F060351904}.Ad-Hoc|Mixed Platforms.ActiveCfg = Release|Any CPU
		{571E0A3B-E069-4B46-BBAC-B0F060351904}.Ad-Hoc|Mixed Platforms.Build.0 = Release|Any CPU
		{571E0A3B-E069-4B46-BBAC-B0F060351904}.Ad-Hoc|Win32.ActiveCfg = Release|Any CPU
		{571E0A3B-E069-4B46-BBAC-B0F060351904}.Ad-Hoc|Win32.Build.0 = Release|Any CPU
		{571E0A3B-E069-4B46-BBAC-B0F060351904}.Ad-Hoc|x86.ActiveCfg = Release|Any CPU
		{571E0A3B-E069-4B46-BBAC-B0F060351904}.Ad-Hoc|x86.Build.0 = Release|Any CPU
		{571E0A3B-E069-4B46-BBAC-B0F060351904}.AppStore|Any CPU.ActiveCfg = Release|Any CPU
		{571E0A3B-E069-4B46-BBAC-B0F060351904}.AppStore|Any CPU.Build.0 = Release|Any CPU
		{571E0A3B-E069-4B46-BBAC-B0F060351904}.AppStore|ARM.ActiveCfg = Release|Any CPU
		{571E0A3B-E069-4B46-BBAC-B0F060351904}.AppStore|ARM.Build.0 = Release|Any CPU
		{571E0A3B-E069-4B46-BBAC-B0F060351904}.AppStore|iPhone.ActiveCfg = Release|Any CPU
		{571E0A3B-E069-4B46-BBAC-B0F060351904}.AppStore|iPhone.Build.0 = Release|Any CPU
		{571E0A3B-E069-4B46-BBAC-B0F060351904}.AppStore|iPhoneSimulator.ActiveCfg = Release|Any CPU
		{571E0A3B-E069-4B46-BBAC-B0F060351904}.AppStore|iPhoneSimulator.Build.0 = Release|Any CPU
		{571E0A3B-E069-4B46-BBAC-B0F060351904}.AppStore|Mixed Platforms.ActiveCfg = Release|Any CPU
		{571E0A3B-E069-4B46-BBAC-B0F060351904}.AppStore|Mixed Platforms.Build.0 = Release|Any CPU
		{571E0A3B-E069-4B46-BBAC-B0F060351904}.AppStore|Win32.ActiveCfg = Release|Any CPU
		{571E0A3B-E069-4B46-BBAC-B0F060351904}.AppStore|Win32.Build.0 = Release|Any CPU
		{571E0A3B-E069-4B46-BBAC-B0F060351904}.AppStore|x86.ActiveCfg = Release|Any CPU
		{571E0A3B-E069-4B46-BBAC-B0F060351904}.AppStore|x86.Build.0 = Release|Any CPU
		{571E0A3B-E069-4B46-BBAC-B0F060351904}.Debug|Any CPU.ActiveCfg = Debug|Any CPU
		{571E0A3B-E069-4B46-BBAC-B0F060351904}.Debug|Any CPU.Build.0 = Debug|Any CPU
		{571E0A3B-E069-4B46-BBAC-B0F060351904}.Debug|ARM.ActiveCfg = Debug|Any CPU
		{571E0A3B-E069-4B46-BBAC-B0F060351904}.Debug|ARM.Build.0 = Debug|Any CPU
		{571E0A3B-E069-4B46-BBAC-B0F060351904}.Debug|iPhone.ActiveCfg = Debug|Any CPU
		{571E0A3B-E069-4B46-BBAC-B0F060351904}.Debug|iPhone.Build.0 = Debug|Any CPU
		{571E0A3B-E069-4B46-BBAC-B0F060351904}.Debug|iPhoneSimulator.ActiveCfg = Debug|Any CPU
		{571E0A3B-E069-4B46-BBAC-B0F060351904}.Debug|iPhoneSimulator.Build.0 = Debug|Any CPU
		{571E0A3B-E069-4B46-BBAC-B0F060351904}.Debug|Mixed Platforms.ActiveCfg = Debug|Any CPU
		{571E0A3B-E069-4B46-BBAC-B0F060351904}.Debug|Mixed Platforms.Build.0 = Debug|Any CPU
		{571E0A3B-E069-4B46-BBAC-B0F060351904}.Debug|Win32.ActiveCfg = Debug|Any CPU
		{571E0A3B-E069-4B46-BBAC-B0F060351904}.Debug|Win32.Build.0 = Debug|Any CPU
		{571E0A3B-E069-4B46-BBAC-B0F060351904}.Debug|x86.ActiveCfg = Debug|Any CPU
		{571E0A3B-E069-4B46-BBAC-B0F060351904}.Debug|x86.Build.0 = Debug|Any CPU
		{571E0A3B-E069-4B46-BBAC-B0F060351904}.Release|Any CPU.ActiveCfg = Release|Any CPU
		{571E0A3B-E069-4B46-BBAC-B0F060351904}.Release|Any CPU.Build.0 = Release|Any CPU
		{571E0A3B-E069-4B46-BBAC-B0F060351904}.Release|ARM.ActiveCfg = Release|Any CPU
		{571E0A3B-E069-4B46-BBAC-B0F060351904}.Release|ARM.Build.0 = Release|Any CPU
		{571E0A3B-E069-4B46-BBAC-B0F060351904}.Release|iPhone.ActiveCfg = Release|Any CPU
		{571E0A3B-E069-4B46-BBAC-B0F060351904}.Release|iPhone.Build.0 = Release|Any CPU
		{571E0A3B-E069-4B46-BBAC-B0F060351904}.Release|iPhoneSimulator.ActiveCfg = Release|Any CPU
		{571E0A3B-E069-4B46-BBAC-B0F060351904}.Release|iPhoneSimulator.Build.0 = Release|Any CPU
		{571E0A3B-E069-4B46-BBAC-B0F060351904}.Release|Mixed Platforms.ActiveCfg = Release|Any CPU
		{571E0A3B-E069-4B46-BBAC-B0F060351904}.Release|Mixed Platforms.Build.0 = Release|Any CPU
		{571E0A3B-E069-4B46-BBAC-B0F060351904}.Release|Win32.ActiveCfg = Release|Any CPU
		{571E0A3B-E069-4B46-BBAC-B0F060351904}.Release|Win32.Build.0 = Release|Any CPU
		{571E0A3B-E069-4B46-BBAC-B0F060351904}.Release|x86.ActiveCfg = Release|Any CPU
		{571E0A3B-E069-4B46-BBAC-B0F060351904}.Release|x86.Build.0 = Release|Any CPU
		{571E0A3B-E069-4B46-BBAC-B0F060351904}.Ad-Hoc|Any CPU.ActiveCfg = Release|Any CPU
		{571E0A3B-E069-4B46-BBAC-B0F060351904}.Ad-Hoc|Any CPU.Build.0 = Release|Any CPU
		{571E0A3B-E069-4B46-BBAC-B0F060351904}.Ad-Hoc|ARM.ActiveCfg = Release|Any CPU
		{571E0A3B-E069-4B46-BBAC-B0F060351904}.Ad-Hoc|ARM.Build.0 = Release|Any CPU
		{571E0A3B-E069-4B46-BBAC-B0F060351904}.Ad-Hoc|iPhone.ActiveCfg = Release|Any CPU
		{571E0A3B-E069-4B46-BBAC-B0F060351904}.Ad-Hoc|iPhone.Build.0 = Release|Any CPU
		{571E0A3B-E069-4B46-BBAC-B0F060351904}.Ad-Hoc|iPhoneSimulator.ActiveCfg = Release|Any CPU
		{571E0A3B-E069-4B46-BBAC-B0F060351904}.Ad-Hoc|iPhoneSimulator.Build.0 = Release|Any CPU
		{571E0A3B-E069-4B46-BBAC-B0F060351904}.Ad-Hoc|Mixed Platforms.ActiveCfg = Release|Any CPU
		{571E0A3B-E069-4B46-BBAC-B0F060351904}.Ad-Hoc|Mixed Platforms.Build.0 = Release|Any CPU
		{571E0A3B-E069-4B46-BBAC-B0F060351904}.Ad-Hoc|Win32.ActiveCfg = Release|Any CPU
		{571E0A3B-E069-4B46-BBAC-B0F060351904}.Ad-Hoc|Win32.Build.0 = Release|Any CPU
		{571E0A3B-E069-4B46-BBAC-B0F060351904}.Ad-Hoc|x86.ActiveCfg = Release|Any CPU
		{571E0A3B-E069-4B46-BBAC-B0F060351904}.Ad-Hoc|x86.Build.0 = Release|Any CPU
		{571E0A3B-E069-4B46-BBAC-B0F060351904}.AppStore|Any CPU.ActiveCfg = Release|Any CPU
		{571E0A3B-E069-4B46-BBAC-B0F060351904}.AppStore|Any CPU.Build.0 = Release|Any CPU
		{571E0A3B-E069-4B46-BBAC-B0F060351904}.AppStore|ARM.ActiveCfg = Release|Any CPU
		{571E0A3B-E069-4B46-BBAC-B0F060351904}.AppStore|ARM.Build.0 = Release|Any CPU
		{571E0A3B-E069-4B46-BBAC-B0F060351904}.AppStore|iPhone.ActiveCfg = Release|Any CPU
		{571E0A3B-E069-4B46-BBAC-B0F060351904}.AppStore|iPhone.Build.0 = Release|Any CPU
		{571E0A3B-E069-4B46-BBAC-B0F060351904}.AppStore|iPhoneSimulator.ActiveCfg = Release|Any CPU
		{571E0A3B-E069-4B46-BBAC-B0F060351904}.AppStore|iPhoneSimulator.Build.0 = Release|Any CPU
		{571E0A3B-E069-4B46-BBAC-B0F060351904}.AppStore|Mixed Platforms.ActiveCfg = Release|Any CPU
		{571E0A3B-E069-4B46-BBAC-B0F060351904}.AppStore|Mixed Platforms.Build.0 = Release|Any CPU
		{571E0A3B-E069-4B46-BBAC-B0F060351904}.AppStore|Win32.ActiveCfg = Release|Any CPU
		{571E0A3B-E069-4B46-BBAC-B0F060351904}.AppStore|Win32.Build.0 = Release|Any CPU
		{571E0A3B-E069-4B46-BBAC-B0F060351904}.AppStore|x86.ActiveCfg = Release|Any CPU
		{571E0A3B-E069-4B46-BBAC-B0F060351904}.AppStore|x86.Build.0 = Release|Any CPU
		{571E0A3B-E069-4B46-BBAC-B0F060351904}.Debug|Any CPU.ActiveCfg = Debug|Any CPU
		{571E0A3B-E069-4B46-BBAC-B0F060351904}.Debug|Any CPU.Build.0 = Debug|Any CPU
		{571E0A3B-E069-4B46-BBAC-B0F060351904}.Debug|ARM.ActiveCfg = Debug|Any CPU
		{571E0A3B-E069-4B46-BBAC-B0F060351904}.Debug|ARM.Build.0 = Debug|Any CPU
		{571E0A3B-E069-4B46-BBAC-B0F060351904}.Debug|iPhone.ActiveCfg = Debug|Any CPU
		{571E0A3B-E069-4B46-BBAC-B0F060351904}.Debug|iPhone.Build.0 = Debug|Any CPU
		{571E0A3B-E069-4B46-BBAC-B0F060351904}.Debug|iPhoneSimulator.ActiveCfg = Debug|Any CPU
		{571E0A3B-E069-4B46-BBAC-B0F060351904}.Debug|iPhoneSimulator.Build.0 = Debug|Any CPU
		{571E0A3B-E069-4B46-BBAC-B0F060351904}.Debug|Mixed Platforms.ActiveCfg = Debug|Any CPU
		{571E0A3B-E069-4B46-BBAC-B0F060351904}.Debug|Mixed Platforms.Build.0 = Debug|Any CPU
		{571E0A3B-E069-4B46-BBAC-B0F060351904}.Debug|Win32.ActiveCfg = Debug|Any CPU
		{571E0A3B-E069-4B46-BBAC-B0F060351904}.Debug|Win32.Build.0 = Debug|Any CPU
		{571E0A3B-E069-4B46-BBAC-B0F060351904}.Debug|x86.ActiveCfg = Debug|Any CPU
		{571E0A3B-E069-4B46-BBAC-B0F060351904}.Debug|x86.Build.0 = Debug|Any CPU
		{571E0A3B-E069-4B46-BBAC-B0F060351904}.Release|Any CPU.ActiveCfg = Release|Any CPU
		{571E0A3B-E069-4B46-BBAC-B0F060351904}.Release|Any CPU.Build.0 = Release|Any CPU
		{571E0A3B-E069-4B46-BBAC-B0F060351904}.Release|ARM.ActiveCfg = Release|Any CPU
		{571E0A3B-E069-4B46-BBAC-B0F060351904}.Release|ARM.Build.0 = Release|Any CPU
		{571E0A3B-E069-4B46-BBAC-B0F060351904}.Release|iPhone.ActiveCfg = Release|Any CPU
		{571E0A3B-E069-4B46-BBAC-B0F060351904}.Release|iPhone.Build.0 = Release|Any CPU
		{571E0A3B-E069-4B46-BBAC-B0F060351904}.Release|iPhoneSimulator.ActiveCfg = Release|Any CPU
		{571E0A3B-E069-4B46-BBAC-B0F060351904}.Release|iPhoneSimulator.Build.0 = Release|Any CPU
		{571E0A3B-E069-4B46-BBAC-B0F060351904}.Release|Mixed Platforms.ActiveCfg = Release|Any CPU
		{571E0A3B-E069-4B46-BBAC-B0F060351904}.Release|Mixed Platforms.Build.0 = Release|Any CPU
		{571E0A3B-E069-4B46-BBAC-B0F060351904}.Release|Win32.ActiveCfg = Release|Any CPU
		{571E0A3B-E069-4B46-BBAC-B0F060351904}.Release|Win32.Build.0 = Release|Any CPU
		{571E0A3B-E069-4B46-BBAC-B0F060351904}.Release|x86.ActiveCfg = Release|Any CPU
		{571E0A3B-E069-4B46-BBAC-B0F060351904}.Release|x86.Build.0 = Release|Any CPU
		{571E0A3B-E069-4B46-BBAC-B0F060351904}.Ad-Hoc|Any CPU.ActiveCfg = Release|Any CPU
		{571E0A3B-E069-4B46-BBAC-B0F060351904}.Ad-Hoc|Any CPU.Build.0 = Release|Any CPU
		{571E0A3B-E069-4B46-BBAC-B0F060351904}.Ad-Hoc|ARM.ActiveCfg = Release|Any CPU
		{571E0A3B-E069-4B46-BBAC-B0F060351904}.Ad-Hoc|iPhone.ActiveCfg = Release|Any CPU
		{571E0A3B-E069-4B46-BBAC-B0F060351904}.Ad-Hoc|iPhoneSimulator.ActiveCfg = Release|Any CPU
		{571E0A3B-E069-4B46-BBAC-B0F060351904}.Ad-Hoc|Mixed Platforms.ActiveCfg = Release|Any CPU
		{571E0A3B-E069-4B46-BBAC-B0F060351904}.Ad-Hoc|Mixed Platforms.Build.0 = Release|Any CPU
		{571E0A3B-E069-4B46-BBAC-B0F060351904}.Ad-Hoc|Win32.ActiveCfg = Release|Any CPU
		{571E0A3B-E069-4B46-BBAC-B0F060351904}.Ad-Hoc|x86.ActiveCfg = Release|Any CPU
		{571E0A3B-E069-4B46-BBAC-B0F060351904}.AppStore|Any CPU.ActiveCfg = Release|Any CPU
		{571E0A3B-E069-4B46-BBAC-B0F060351904}.AppStore|Any CPU.Build.0 = Release|Any CPU
		{571E0A3B-E069-4B46-BBAC-B0F060351904}.AppStore|ARM.ActiveCfg = Release|Any CPU
		{571E0A3B-E069-4B46-BBAC-B0F060351904}.AppStore|iPhone.ActiveCfg = Release|Any CPU
		{571E0A3B-E069-4B46-BBAC-B0F060351904}.AppStore|iPhoneSimulator.ActiveCfg = Release|Any CPU
		{571E0A3B-E069-4B46-BBAC-B0F060351904}.AppStore|Mixed Platforms.ActiveCfg = Release|Any CPU
		{571E0A3B-E069-4B46-BBAC-B0F060351904}.AppStore|Mixed Platforms.Build.0 = Release|Any CPU
		{571E0A3B-E069-4B46-BBAC-B0F060351904}.AppStore|Win32.ActiveCfg = Release|Any CPU
		{571E0A3B-E069-4B46-BBAC-B0F060351904}.AppStore|x86.ActiveCfg = Release|Any CPU
		{571E0A3B-E069-4B46-BBAC-B0F060351904}.Debug|Any CPU.ActiveCfg = Debug|Any CPU
		{571E0A3B-E069-4B46-BBAC-B0F060351904}.Debug|Any CPU.Build.0 = Debug|Any CPU
		{571E0A3B-E069-4B46-BBAC-B0F060351904}.Debug|ARM.ActiveCfg = Debug|Any CPU
		{571E0A3B-E069-4B46-BBAC-B0F060351904}.Debug|iPhone.ActiveCfg = Debug|Any CPU
		{571E0A3B-E069-4B46-BBAC-B0F060351904}.Debug|iPhoneSimulator.ActiveCfg = Debug|Any CPU
		{571E0A3B-E069-4B46-BBAC-B0F060351904}.Debug|Mixed Platforms.ActiveCfg = Debug|Any CPU
		{571E0A3B-E069-4B46-BBAC-B0F060351904}.Debug|Mixed Platforms.Build.0 = Debug|Any CPU
		{571E0A3B-E069-4B46-BBAC-B0F060351904}.Debug|Win32.ActiveCfg = Debug|Any CPU
		{571E0A3B-E069-4B46-BBAC-B0F060351904}.Debug|x86.ActiveCfg = Debug|Any CPU
		{571E0A3B-E069-4B46-BBAC-B0F060351904}.Release|Any CPU.ActiveCfg = Release|Any CPU
		{571E0A3B-E069-4B46-BBAC-B0F060351904}.Release|Any CPU.Build.0 = Release|Any CPU
		{571E0A3B-E069-4B46-BBAC-B0F060351904}.Release|ARM.ActiveCfg = Release|Any CPU
		{571E0A3B-E069-4B46-BBAC-B0F060351904}.Release|iPhone.ActiveCfg = Release|Any CPU
		{571E0A3B-E069-4B46-BBAC-B0F060351904}.Release|iPhoneSimulator.ActiveCfg = Release|Any CPU
		{571E0A3B-E069-4B46-BBAC-B0F060351904}.Release|Mixed Platforms.ActiveCfg = Release|Any CPU
		{571E0A3B-E069-4B46-BBAC-B0F060351904}.Release|Mixed Platforms.Build.0 = Release|Any CPU
		{571E0A3B-E069-4B46-BBAC-B0F060351904}.Release|Win32.ActiveCfg = Release|Any CPU
		{571E0A3B-E069-4B46-BBAC-B0F060351904}.Release|x86.ActiveCfg = Release|Any CPU
	EndGlobalSection
	GlobalSection(NestedProjects) = preSolution
		{B9EED683-DF28-4A83-B2B3-7BED06C95CC3} = {17984154-83E4-4DDC-A709-6034CB9B9E48}
		{07EC6440-C21C-4410-BBAF-F144B6763170} = {17984154-83E4-4DDC-A709-6034CB9B9E48}
		{37860F6A-5465-4356-8BA0-7CFBF2E731A2} = {20FC0107-B91C-454F-8443-697480FB2EE0}
		{F36FF092-DF44-414C-91E7-D66ACDA8D2E1} = {20FC0107-B91C-454F-8443-697480FB2EE0}
		{6A7C5AD7-5C44-44FE-9928-E00BE0BCD4A2} = {20FC0107-B91C-454F-8443-697480FB2EE0}
		{9D04C403-88C6-499E-A74E-7F365B5207B2} = {20FC0107-B91C-454F-8443-697480FB2EE0}
		{07259A64-E1D1-43A9-8D3F-1989A12745EB} = {6A7C5AD7-5C44-44FE-9928-E00BE0BCD4A2}
		{5463753B-3E24-4522-9B71-F1188D8EA76E} = {6A7C5AD7-5C44-44FE-9928-E00BE0BCD4A2}
		{D0C50908-3542-49A2-AB71-3A162CD174DD} = {6A7C5AD7-5C44-44FE-9928-E00BE0BCD4A2}
		{34E2BB86-17BD-4A4A-B270-1F6E146ADDAA} = {9D04C403-88C6-499E-A74E-7F365B5207B2}
		571E0A3B-E069-4B46-BBAC-B0F060351904 = {9D04C403-88C6-499E-A74E-7F365B5207B2}
	EndGlobalSection
	GlobalSection(MonoDevelopProperties) = preSolution
		StartupItem = example\WebBrickClientFs\WebBrickClientFs.Android\WebBrickClientFs.Android.fsproj
	EndGlobalSection
	GlobalSection(SolutionProperties) = preSolution
		HideSolutionNode = FALSE
	EndGlobalSection
EndGlobal
