
Microsoft Visual Studio Solution File, Format Version 12.00
# Visual Studio 2013
VisualStudioVersion = 12.0.30501.0
MinimumVisualStudioVersion = 10.0.40219.1
Project("{2150E333-8FDC-42A3-9474-1A3956D46DE8}") = "src", "src", "{17984154-83E4-4DDC-A709-6034CB9B9E48}"
	ProjectSection(SolutionItems) = preProject
		src\Makefile = src\Makefile
	EndProjectSection
EndProject
Project("{2150E333-8FDC-42A3-9474-1A3956D46DE8}") = "example", "example", "{20FC0107-B91C-454F-8443-697480FB2EE0}"
EndProject
Project("{FAE04EC0-301F-11D3-BF4B-00C04F79EFBC}") = "Sample", "example\Sample\Sample.csproj", "{37860F6A-5465-4356-8BA0-7CFBF2E731A2}"
EndProject
Project("{F2A71F9B-5D33-465A-A702-920D77279786}") = "SampleF", "example\SampleF\SampleF.fsproj", "{1B7737D8-F2B0-4C14-AC43-19CC59F43409}"
EndProject
Project("{8BC9CEB8-8B4A-11D0-8D11-00A0C91BC942}") = "libbrickpinet", "src\libbrickpinet\libbrickpinet.vcxproj", "{B9EED683-DF28-4A83-B2B3-7BED06C95CC3}"
EndProject
Project("{FAE04EC0-301F-11D3-BF4B-00C04F79EFBC}") = "BrickPiNet", "src\BrickPiNet\BrickPiNet.csproj", "{07EC6440-C21C-4410-BBAF-F144B6763170}"
EndProject
Project("{2150E333-8FDC-42A3-9474-1A3956D46DE8}") = "lib", "lib", "{70E31166-7F0C-4135-B1BC-0B9C5AC8DF57}"
EndProject
Global
	GlobalSection(SolutionConfigurationPlatforms) = preSolution
		Debug|Any CPU = Debug|Any CPU
		Debug|Mixed Platforms = Debug|Mixed Platforms
		Debug|Win32 = Debug|Win32
		Release|Any CPU = Release|Any CPU
		Release|Mixed Platforms = Release|Mixed Platforms
		Release|Win32 = Release|Win32
	EndGlobalSection
	GlobalSection(ProjectConfigurationPlatforms) = postSolution
		{37860F6A-5465-4356-8BA0-7CFBF2E731A2}.Debug|Any CPU.ActiveCfg = Debug|Any CPU
		{37860F6A-5465-4356-8BA0-7CFBF2E731A2}.Debug|Any CPU.Build.0 = Debug|Any CPU
		{37860F6A-5465-4356-8BA0-7CFBF2E731A2}.Debug|Mixed Platforms.ActiveCfg = Debug|Any CPU
		{37860F6A-5465-4356-8BA0-7CFBF2E731A2}.Debug|Mixed Platforms.Build.0 = Debug|Any CPU
		{37860F6A-5465-4356-8BA0-7CFBF2E731A2}.Debug|Win32.ActiveCfg = Debug|Any CPU
		{37860F6A-5465-4356-8BA0-7CFBF2E731A2}.Release|Any CPU.ActiveCfg = Release|Any CPU
		{37860F6A-5465-4356-8BA0-7CFBF2E731A2}.Release|Any CPU.Build.0 = Release|Any CPU
		{37860F6A-5465-4356-8BA0-7CFBF2E731A2}.Release|Mixed Platforms.ActiveCfg = Release|Any CPU
		{37860F6A-5465-4356-8BA0-7CFBF2E731A2}.Release|Mixed Platforms.Build.0 = Release|Any CPU
		{37860F6A-5465-4356-8BA0-7CFBF2E731A2}.Release|Win32.ActiveCfg = Release|Any CPU
		{1B7737D8-F2B0-4C14-AC43-19CC59F43409}.Debug|Any CPU.ActiveCfg = Debug|Any CPU
		{1B7737D8-F2B0-4C14-AC43-19CC59F43409}.Debug|Any CPU.Build.0 = Debug|Any CPU
		{1B7737D8-F2B0-4C14-AC43-19CC59F43409}.Debug|Mixed Platforms.ActiveCfg = Debug|Any CPU
		{1B7737D8-F2B0-4C14-AC43-19CC59F43409}.Debug|Mixed Platforms.Build.0 = Debug|Any CPU
		{1B7737D8-F2B0-4C14-AC43-19CC59F43409}.Debug|Win32.ActiveCfg = Debug|Any CPU
		{1B7737D8-F2B0-4C14-AC43-19CC59F43409}.Release|Any CPU.ActiveCfg = Release|Any CPU
		{1B7737D8-F2B0-4C14-AC43-19CC59F43409}.Release|Any CPU.Build.0 = Release|Any CPU
		{1B7737D8-F2B0-4C14-AC43-19CC59F43409}.Release|Mixed Platforms.ActiveCfg = Release|Any CPU
		{1B7737D8-F2B0-4C14-AC43-19CC59F43409}.Release|Mixed Platforms.Build.0 = Release|Any CPU
		{1B7737D8-F2B0-4C14-AC43-19CC59F43409}.Release|Win32.ActiveCfg = Release|Any CPU
		{B9EED683-DF28-4A83-B2B3-7BED06C95CC3}.Debug|Any CPU.ActiveCfg = Debug|Win32
		{B9EED683-DF28-4A83-B2B3-7BED06C95CC3}.Debug|Mixed Platforms.ActiveCfg = Debug|Win32
		{B9EED683-DF28-4A83-B2B3-7BED06C95CC3}.Debug|Mixed Platforms.Build.0 = Debug|Win32
		{B9EED683-DF28-4A83-B2B3-7BED06C95CC3}.Debug|Win32.ActiveCfg = Debug|Win32
		{B9EED683-DF28-4A83-B2B3-7BED06C95CC3}.Debug|Win32.Build.0 = Debug|Win32
		{B9EED683-DF28-4A83-B2B3-7BED06C95CC3}.Release|Any CPU.ActiveCfg = Release|Win32
		{B9EED683-DF28-4A83-B2B3-7BED06C95CC3}.Release|Mixed Platforms.ActiveCfg = Release|Win32
		{B9EED683-DF28-4A83-B2B3-7BED06C95CC3}.Release|Mixed Platforms.Build.0 = Release|Win32
		{B9EED683-DF28-4A83-B2B3-7BED06C95CC3}.Release|Win32.ActiveCfg = Release|Win32
		{B9EED683-DF28-4A83-B2B3-7BED06C95CC3}.Release|Win32.Build.0 = Release|Win32
		{07EC6440-C21C-4410-BBAF-F144B6763170}.Debug|Any CPU.ActiveCfg = Debug|Any CPU
		{07EC6440-C21C-4410-BBAF-F144B6763170}.Debug|Any CPU.Build.0 = Debug|Any CPU
		{07EC6440-C21C-4410-BBAF-F144B6763170}.Debug|Mixed Platforms.ActiveCfg = Debug|Any CPU
		{07EC6440-C21C-4410-BBAF-F144B6763170}.Debug|Mixed Platforms.Build.0 = Debug|Any CPU
		{07EC6440-C21C-4410-BBAF-F144B6763170}.Debug|Win32.ActiveCfg = Debug|Any CPU
		{07EC6440-C21C-4410-BBAF-F144B6763170}.Release|Any CPU.ActiveCfg = Release|Any CPU
		{07EC6440-C21C-4410-BBAF-F144B6763170}.Release|Any CPU.Build.0 = Release|Any CPU
		{07EC6440-C21C-4410-BBAF-F144B6763170}.Release|Mixed Platforms.ActiveCfg = Release|Any CPU
		{07EC6440-C21C-4410-BBAF-F144B6763170}.Release|Mixed Platforms.Build.0 = Release|Any CPU
		{07EC6440-C21C-4410-BBAF-F144B6763170}.Release|Win32.ActiveCfg = Release|Any CPU
	EndGlobalSection
	GlobalSection(SolutionProperties) = preSolution
		HideSolutionNode = FALSE
	EndGlobalSection
	GlobalSection(NestedProjects) = preSolution
		{37860F6A-5465-4356-8BA0-7CFBF2E731A2} = {20FC0107-B91C-454F-8443-697480FB2EE0}
		{1B7737D8-F2B0-4C14-AC43-19CC59F43409} = {20FC0107-B91C-454F-8443-697480FB2EE0}
		{B9EED683-DF28-4A83-B2B3-7BED06C95CC3} = {17984154-83E4-4DDC-A709-6034CB9B9E48}
		{07EC6440-C21C-4410-BBAF-F144B6763170} = {17984154-83E4-4DDC-A709-6034CB9B9E48}
	EndGlobalSection
EndGlobal
